
Microsoft Visual Studio Solution File, Format Version 12.00
# Visual Studio 15
VisualStudioVersion = 15.0.28307.1525
MinimumVisualStudioVersion = 10.0.40219.1
Project("{FAE04EC0-301F-11D3-BF4B-00C04F79EFBC}") = "Excel_Test", "Excel_Test\Excel_Test.csproj", "{F93DFDF5-D44A-4048-8234-AE385EF1AD5E}"
EndProject
Global
	GlobalSection(SolutionConfigurationPlatforms) = preSolution
		Debug|Any CPU = Debug|Any CPU
		Release|Any CPU = Release|Any CPU
	EndGlobalSection
	GlobalSection(ProjectConfigurationPlatforms) = postSolution
		{F93DFDF5-D44A-4048-8234-AE385EF1AD5E}.Debug|Any CPU.ActiveCfg = Debug|Any CPU
		{F93DFDF5-D44A-4048-8234-AE385EF1AD5E}.Debug|Any CPU.Build.0 = Debug|Any CPU
		{F93DFDF5-D44A-4048-8234-AE385EF1AD5E}.Release|Any CPU.ActiveCfg = Release|Any CPU
		{F93DFDF5-D44A-4048-8234-AE385EF1AD5E}.Release|Any CPU.Build.0 = Release|Any CPU
	EndGlobalSection
	GlobalSection(SolutionProperties) = preSolution
		HideSolutionNode = FALSE
	EndGlobalSection
	GlobalSection(ExtensibilityGlobals) = postSolution
		SolutionGuid = {3B1AC12B-2D27-451A-BF0A-B9ED72271DF2}
	EndGlobalSection
EndGlobal
